
Microsoft Visual Studio Solution File, Format Version 12.00
# Visual Studio Version 17
VisualStudioVersion = 17.8.34511.84
MinimumVisualStudioVersion = 10.0.40219.1
Project("{FAE04EC0-301F-11D3-BF4B-00C04F79EFBC}") = "DİŞÇİM", "DİŞÇİM.csproj", "{94B19C07-A8D3-41BB-B2C7-18EA49738D00}"
EndProject
Global
	GlobalSection(SolutionConfigurationPlatforms) = preSolution
		Debug|Any CPU = Debug|Any CPU
		Release|Any CPU = Release|Any CPU
	EndGlobalSection
	GlobalSection(ProjectConfigurationPlatforms) = postSolution
		{94B19C07-A8D3-41BB-B2C7-18EA49738D00}.Debug|Any CPU.ActiveCfg = Debug|Any CPU
		{94B19C07-A8D3-41BB-B2C7-18EA49738D00}.Debug|Any CPU.Build.0 = Debug|Any CPU
		{94B19C07-A8D3-41BB-B2C7-18EA49738D00}.Release|Any CPU.ActiveCfg = Release|Any CPU
		{94B19C07-A8D3-41BB-B2C7-18EA49738D00}.Release|Any CPU.Build.0 = Release|Any CPU
	EndGlobalSection
	GlobalSection(SolutionProperties) = preSolution
		HideSolutionNode = FALSE
	EndGlobalSection
	GlobalSection(ExtensibilityGlobals) = postSolution
		SolutionGuid = {7D4C471D-D850-4D70-9F92-A473A5D8FD94}
	EndGlobalSection
EndGlobal
